
Microsoft Visual Studio Solution File, Format Version 12.00
# Visual Studio Version 16
VisualStudioVersion = 16.0.31402.337
MinimumVisualStudioVersion = 10.0.40219.1
Project("{FAE04EC0-301F-11D3-BF4B-00C04F79EFBC}") = "DevFitness.Api", "DevFitness.Api\DevFitness.Api.csproj", "{1052A049-AB35-4A72-8A00-F301DB8C312F}"
EndProject
Global
	GlobalSection(SolutionConfigurationPlatforms) = preSolution
		Debug|Any CPU = Debug|Any CPU
		Release|Any CPU = Release|Any CPU
	EndGlobalSection
	GlobalSection(ProjectConfigurationPlatforms) = postSolution
		{1052A049-AB35-4A72-8A00-F301DB8C312F}.Debug|Any CPU.ActiveCfg = Debug|Any CPU
		{1052A049-AB35-4A72-8A00-F301DB8C312F}.Debug|Any CPU.Build.0 = Debug|Any CPU
		{1052A049-AB35-4A72-8A00-F301DB8C312F}.Release|Any CPU.ActiveCfg = Release|Any CPU
		{1052A049-AB35-4A72-8A00-F301DB8C312F}.Release|Any CPU.Build.0 = Release|Any CPU
	EndGlobalSection
	GlobalSection(SolutionProperties) = preSolution
		HideSolutionNode = FALSE
	EndGlobalSection
	GlobalSection(ExtensibilityGlobals) = postSolution
		SolutionGuid = {58F312FB-6194-40B0-AE7F-E009E30A2657}
	EndGlobalSection
EndGlobal
